// !$*UTF8*$!
{
	archiveVersion = 1;
	classes = {
	};
	objectVersion = 56;
	objects = {

/* Begin PBXBuildFile section */
		6937FA032B76E1D50068A813 /* OrderModel.swift in Sources */ = {isa = PBXBuildFile; fileRef = 6937F9FF2B76E1D50068A813 /* OrderModel.swift */; };
		6937FA042B76E1D50068A813 /* MenuItem.swift in Sources */ = {isa = PBXBuildFile; fileRef = 6937FA002B76E1D50068A813 /* MenuItem.swift */; };
		6937FA052B76E1D50068A813 /* OrderItem.swift in Sources */ = {isa = PBXBuildFile; fileRef = 6937FA012B76E1D50068A813 /* OrderItem.swift */; };
		6937FA062B76E1D50068A813 /* MenuModel.swift in Sources */ = {isa = PBXBuildFile; fileRef = 6937FA022B76E1D50068A813 /* MenuModel.swift */; };
		69D0799A2B7487D500DFF3B8 /* pizzaAppSwiftUiApp.swift in Sources */ = {isa = PBXBuildFile; fileRef = 69D079992B7487D500DFF3B8 /* pizzaAppSwiftUiApp.swift */; };
		69D0799C2B7487D500DFF3B8 /* ContentView.swift in Sources */ = {isa = PBXBuildFile; fileRef = 69D0799B2B7487D500DFF3B8 /* ContentView.swift */; };
		69D079A12B7487D700DFF3B8 /* Preview Assets.xcassets in Resources */ = {isa = PBXBuildFile; fileRef = 69D079A02B7487D700DFF3B8 /* Preview Assets.xcassets */; };
		69D079AD2B748C2A00DFF3B8 /* Assets.xcassets in Resources */ = {isa = PBXBuildFile; fileRef = 69D079AC2B748C2900DFF3B8 /* Assets.xcassets */; };
		69D079AF2B74990A00DFF3B8 /* OrderView.swift in Sources */ = {isa = PBXBuildFile; fileRef = 69D079AE2B74990A00DFF3B8 /* OrderView.swift */; };
		69D079B12B74991800DFF3B8 /* MenuView.swift in Sources */ = {isa = PBXBuildFile; fileRef = 69D079B02B74991800DFF3B8 /* MenuView.swift */; };
		69D079B32B7499B100DFF3B8 /* MenuItemView.swift in Sources */ = {isa = PBXBuildFile; fileRef = 69D079B22B7499B100DFF3B8 /* MenuItemView.swift */; };
		69D079B52B7499C300DFF3B8 /* MenuRowView.swift in Sources */ = {isa = PBXBuildFile; fileRef = 69D079B42B7499C300DFF3B8 /* MenuRowView.swift */; };
		69D079B72B7499E000DFF3B8 /* OrderRowView.swift in Sources */ = {isa = PBXBuildFile; fileRef = 69D079B62B7499E000DFF3B8 /* OrderRowView.swift */; };
		69D079B92B749A0C00DFF3B8 /* HeaderView.swift in Sources */ = {isa = PBXBuildFile; fileRef = 69D079B82B749A0C00DFF3B8 /* HeaderView.swift */; };
		69D079BB2B74E95D00DFF3B8 /* RatingsView.swift in Sources */ = {isa = PBXBuildFile; fileRef = 69D079BA2B74E95D00DFF3B8 /* RatingsView.swift */; };
/* End PBXBuildFile section */

/* Begin PBXFileReference section */
		6937F9FF2B76E1D50068A813 /* OrderModel.swift */ = {isa = PBXFileReference; fileEncoding = 4; lastKnownFileType = sourcecode.swift; path = OrderModel.swift; sourceTree = "<group>"; };
		6937FA002B76E1D50068A813 /* MenuItem.swift */ = {isa = PBXFileReference; fileEncoding = 4; lastKnownFileType = sourcecode.swift; path = MenuItem.swift; sourceTree = "<group>"; };
		6937FA012B76E1D50068A813 /* OrderItem.swift */ = {isa = PBXFileReference; fileEncoding = 4; lastKnownFileType = sourcecode.swift; path = OrderItem.swift; sourceTree = "<group>"; };
		6937FA022B76E1D50068A813 /* MenuModel.swift */ = {isa = PBXFileReference; fileEncoding = 4; lastKnownFileType = sourcecode.swift; path = MenuModel.swift; sourceTree = "<group>"; };
		69D079962B7487D400DFF3B8 /* pizzaAppSwiftUi.app */ = {isa = PBXFileReference; explicitFileType = wrapper.application; includeInIndex = 0; path = pizzaAppSwiftUi.app; sourceTree = BUILT_PRODUCTS_DIR; };
		69D079992B7487D500DFF3B8 /* pizzaAppSwiftUiApp.swift */ = {isa = PBXFileReference; lastKnownFileType = sourcecode.swift; path = pizzaAppSwiftUiApp.swift; sourceTree = "<group>"; };
		69D0799B2B7487D500DFF3B8 /* ContentView.swift */ = {isa = PBXFileReference; lastKnownFileType = sourcecode.swift; path = ContentView.swift; sourceTree = "<group>"; };
		69D079A02B7487D700DFF3B8 /* Preview Assets.xcassets */ = {isa = PBXFileReference; lastKnownFileType = folder.assetcatalog; path = "Preview Assets.xcassets"; sourceTree = "<group>"; };
		69D079AC2B748C2900DFF3B8 /* Assets.xcassets */ = {isa = PBXFileReference; lastKnownFileType = folder.assetcatalog; path = Assets.xcassets; sourceTree = "<group>"; };
		69D079AE2B74990A00DFF3B8 /* OrderView.swift */ = {isa = PBXFileReference; lastKnownFileType = sourcecode.swift; path = OrderView.swift; sourceTree = "<group>"; };
		69D079B02B74991800DFF3B8 /* MenuView.swift */ = {isa = PBXFileReference; lastKnownFileType = sourcecode.swift; path = MenuView.swift; sourceTree = "<group>"; };
		69D079B22B7499B100DFF3B8 /* MenuItemView.swift */ = {isa = PBXFileReference; lastKnownFileType = sourcecode.swift; path = MenuItemView.swift; sourceTree = "<group>"; };
		69D079B42B7499C300DFF3B8 /* MenuRowView.swift */ = {isa = PBXFileReference; lastKnownFileType = sourcecode.swift; path = MenuRowView.swift; sourceTree = "<group>"; };
		69D079B62B7499E000DFF3B8 /* OrderRowView.swift */ = {isa = PBXFileReference; lastKnownFileType = sourcecode.swift; path = OrderRowView.swift; sourceTree = "<group>"; };
		69D079B82B749A0C00DFF3B8 /* HeaderView.swift */ = {isa = PBXFileReference; lastKnownFileType = sourcecode.swift; path = HeaderView.swift; sourceTree = "<group>"; };
		69D079BA2B74E95D00DFF3B8 /* RatingsView.swift */ = {isa = PBXFileReference; lastKnownFileType = sourcecode.swift; path = RatingsView.swift; sourceTree = "<group>"; };
/* End PBXFileReference section */

/* Begin PBXFrameworksBuildPhase section */
		69D079932B7487D400DFF3B8 /* Frameworks */ = {
			isa = PBXFrameworksBuildPhase;
			buildActionMask = 2147483647;
			files = (
			);
			runOnlyForDeploymentPostprocessing = 0;
		};
/* End PBXFrameworksBuildPhase section */

/* Begin PBXGroup section */
		6937F9FE2B76E1D50068A813 /* Model Code */ = {
			isa = PBXGroup;
			children = (
				6937F9FF2B76E1D50068A813 /* OrderModel.swift */,
				6937FA002B76E1D50068A813 /* MenuItem.swift */,
				6937FA012B76E1D50068A813 /* OrderItem.swift */,
				6937FA022B76E1D50068A813 /* MenuModel.swift */,
			);
			path = "Model Code";
			sourceTree = "<group>";
		};
		69D0798D2B7487D400DFF3B8 = {
			isa = PBXGroup;
			children = (
				69D079982B7487D400DFF3B8 /* pizzaAppSwiftUi */,
				69D079972B7487D400DFF3B8 /* Products */,
			);
			sourceTree = "<group>";
		};
		69D079972B7487D400DFF3B8 /* Products */ = {
			isa = PBXGroup;
			children = (
				69D079962B7487D400DFF3B8 /* pizzaAppSwiftUi.app */,
			);
			name = Products;
			sourceTree = "<group>";
		};
		69D079982B7487D400DFF3B8 /* pizzaAppSwiftUi */ = {
			isa = PBXGroup;
			children = (
				69D079992B7487D500DFF3B8 /* pizzaAppSwiftUiApp.swift */,
				69D0799B2B7487D500DFF3B8 /* ContentView.swift */,
				69D079AE2B74990A00DFF3B8 /* OrderView.swift */,
				69D079B02B74991800DFF3B8 /* MenuView.swift */,
				69D079B22B7499B100DFF3B8 /* MenuItemView.swift */,
				69D079BA2B74E95D00DFF3B8 /* RatingsView.swift */,
				69D079B42B7499C300DFF3B8 /* MenuRowView.swift */,
				69D079B62B7499E000DFF3B8 /* OrderRowView.swift */,
				69D079B82B749A0C00DFF3B8 /* HeaderView.swift */,
				6937F9FE2B76E1D50068A813 /* Model Code */,
				69D079AC2B748C2900DFF3B8 /* Assets.xcassets */,
				69D0799F2B7487D700DFF3B8 /* Preview Content */,
			);
			path = pizzaAppSwiftUi;
			sourceTree = "<group>";
		};
		69D0799F2B7487D700DFF3B8 /* Preview Content */ = {
			isa = PBXGroup;
			children = (
				69D079A02B7487D700DFF3B8 /* Preview Assets.xcassets */,
			);
			path = "Preview Content";
			sourceTree = "<group>";
		};
/* End PBXGroup section */

/* Begin PBXNativeTarget section */
		69D079952B7487D400DFF3B8 /* pizzaAppSwiftUi */ = {
			isa = PBXNativeTarget;
			buildConfigurationList = 69D079A42B7487D700DFF3B8 /* Build configuration list for PBXNativeTarget "pizzaAppSwiftUi" */;
			buildPhases = (
				69D079922B7487D400DFF3B8 /* Sources */,
				69D079932B7487D400DFF3B8 /* Frameworks */,
				69D079942B7487D400DFF3B8 /* Resources */,
			);
			buildRules = (
			);
			dependencies = (
			);
			name = pizzaAppSwiftUi;
			productName = pizzaAppSwiftUi;
			productReference = 69D079962B7487D400DFF3B8 /* pizzaAppSwiftUi.app */;
			productType = "com.apple.product-type.application";
		};
/* End PBXNativeTarget section */

/* Begin PBXProject section */
		69D0798E2B7487D400DFF3B8 /* Project object */ = {
			isa = PBXProject;
			attributes = {
				BuildIndependentTargetsInParallel = 1;
				LastSwiftUpdateCheck = 1500;
				LastUpgradeCheck = 1500;
				TargetAttributes = {
					69D079952B7487D400DFF3B8 = {
						CreatedOnToolsVersion = 15.0;
					};
				};
			};
			buildConfigurationList = 69D079912B7487D400DFF3B8 /* Build configuration list for PBXProject "pizzaAppSwiftUi" */;
			compatibilityVersion = "Xcode 14.0";
			developmentRegion = en;
			hasScannedForEncodings = 0;
			knownRegions = (
				en,
				Base,
			);
			mainGroup = 69D0798D2B7487D400DFF3B8;
			productRefGroup = 69D079972B7487D400DFF3B8 /* Products */;
			projectDirPath = "";
			projectRoot = "";
			targets = (
				69D079952B7487D400DFF3B8 /* pizzaAppSwiftUi */,
			);
		};
/* End PBXProject section */

/* Begin PBXResourcesBuildPhase section */
		69D079942B7487D400DFF3B8 /* Resources */ = {
			isa = PBXResourcesBuildPhase;
			buildActionMask = 2147483647;
			files = (
				69D079AD2B748C2A00DFF3B8 /* Assets.xcassets in Resources */,
				69D079A12B7487D700DFF3B8 /* Preview Assets.xcassets in Resources */,
			);
			runOnlyForDeploymentPostprocessing = 0;
		};
/* End PBXResourcesBuildPhase section */

/* Begin PBXSourcesBuildPhase section */
		69D079922B7487D400DFF3B8 /* Sources */ = {
			isa = PBXSourcesBuildPhase;
			buildActionMask = 2147483647;
			files = (
				69D079AF2B74990A00DFF3B8 /* OrderView.swift in Sources */,
				69D079B12B74991800DFF3B8 /* MenuView.swift in Sources */,
				6937FA032B76E1D50068A813 /* OrderModel.swift in Sources */,
				69D0799C2B7487D500DFF3B8 /* ContentView.swift in Sources */,
				69D0799A2B7487D500DFF3B8 /* pizzaAppSwiftUiApp.swift in Sources */,
				6937FA052B76E1D50068A813 /* OrderItem.swift in Sources */,
				69D079BB2B74E95D00DFF3B8 /* RatingsView.swift in Sources */,
				69D079B52B7499C300DFF3B8 /* MenuRowView.swift in Sources */,
				69D079B72B7499E000DFF3B8 /* OrderRowView.swift in Sources */,
				6937FA062B76E1D50068A813 /* MenuModel.swift in Sources */,
				6937FA042B76E1D50068A813 /* MenuItem.swift in Sources */,
				69D079B32B7499B100DFF3B8 /* MenuItemView.swift in Sources */,
				69D079B92B749A0C00DFF3B8 /* HeaderView.swift in Sources */,
			);
			runOnlyForDeploymentPostprocessing = 0;
		};
/* End PBXSourcesBuildPhase section */

/* Begin XCBuildConfiguration section */
		69D079A22B7487D700DFF3B8 /* Debug */ = {
			isa = XCBuildConfiguration;
			buildSettings = {
				ALWAYS_SEARCH_USER_PATHS = NO;
				ASSETCATALOG_COMPILER_GENERATE_SWIFT_ASSET_SYMBOL_EXTENSIONS = YES;
				CLANG_ANALYZER_NONNULL = YES;
				CLANG_ANALYZER_NUMBER_OBJECT_CONVERSION = YES_AGGRESSIVE;
				CLANG_CXX_LANGUAGE_STANDARD = "gnu++20";
				CLANG_ENABLE_MODULES = YES;
				CLANG_ENABLE_OBJC_ARC = YES;
				CLANG_ENABLE_OBJC_WEAK = YES;
				CLANG_WARN_BLOCK_CAPTURE_AUTORELEASING = YES;
				CLANG_WARN_BOOL_CONVERSION = YES;
				CLANG_WARN_COMMA = YES;
				CLANG_WARN_CONSTANT_CONVERSION = YES;
				CLANG_WARN_DEPRECATED_OBJC_IMPLEMENTATIONS = YES;
				CLANG_WARN_DIRECT_OBJC_ISA_USAGE = YES_ERROR;
				CLANG_WARN_DOCUMENTATION_COMMENTS = YES;
				CLANG_WARN_EMPTY_BODY = YES;
				CLANG_WARN_ENUM_CONVERSION = YES;
				CLANG_WARN_INFINITE_RECURSION = YES;
				CLANG_WARN_INT_CONVERSION = YES;
				CLANG_WARN_NON_LITERAL_NULL_CONVERSION = YES;
				CLANG_WARN_OBJC_IMPLICIT_RETAIN_SELF = YES;
				CLANG_WARN_OBJC_LITERAL_CONVERSION = YES;
				CLANG_WARN_OBJC_ROOT_CLASS = YES_ERROR;
				CLANG_WARN_QUOTED_INCLUDE_IN_FRAMEWORK_HEADER = YES;
				CLANG_WARN_RANGE_LOOP_ANALYSIS = YES;
				CLANG_WARN_STRICT_PROTOTYPES = YES;
				CLANG_WARN_SUSPICIOUS_MOVE = YES;
				CLANG_WARN_UNGUARDED_AVAILABILITY = YES_AGGRESSIVE;
				CLANG_WARN_UNREACHABLE_CODE = YES;
				CLANG_WARN__DUPLICATE_METHOD_MATCH = YES;
				COPY_PHASE_STRIP = NO;
				DEBUG_INFORMATION_FORMAT = dwarf;
				ENABLE_STRICT_OBJC_MSGSEND = YES;
				ENABLE_TESTABILITY = YES;
				ENABLE_USER_SCRIPT_SANDBOXING = YES;
				GCC_C_LANGUAGE_STANDARD = gnu17;
				GCC_DYNAMIC_NO_PIC = NO;
				GCC_NO_COMMON_BLOCKS = YES;
				GCC_OPTIMIZATION_LEVEL = 0;
				GCC_PREPROCESSOR_DEFINITIONS = (
					"DEBUG=1",
					"$(inherited)",
				);
				GCC_WARN_64_TO_32_BIT_CONVERSION = YES;
				GCC_WARN_ABOUT_RETURN_TYPE = YES_ERROR;
				GCC_WARN_UNDECLARED_SELECTOR = YES;
				GCC_WARN_UNINITIALIZED_AUTOS = YES_AGGRESSIVE;
				GCC_WARN_UNUSED_FUNCTION = YES;
				GCC_WARN_UNUSED_VARIABLE = YES;
				IPHONEOS_DEPLOYMENT_TARGET = 17.0;
				LOCALIZATION_PREFERS_STRING_CATALOGS = YES;
				MTL_ENABLE_DEBUG_INFO = INCLUDE_SOURCE;
				MTL_FAST_MATH = YES;
				ONLY_ACTIVE_ARCH = YES;
				SDKROOT = iphoneos;
				SWIFT_ACTIVE_COMPILATION_CONDITIONS = "DEBUG $(inherited)";
				SWIFT_OPTIMIZATION_LEVEL = "-Onone";
			};
			name = Debug;
		};
		69D079A32B7487D700DFF3B8 /* Release */ = {
			isa = XCBuildConfiguration;
			buildSettings = {
				ALWAYS_SEARCH_USER_PATHS = NO;
				ASSETCATALOG_COMPILER_GENERATE_SWIFT_ASSET_SYMBOL_EXTENSIONS = YES;
				CLANG_ANALYZER_NONNULL = YES;
				CLANG_ANALYZER_NUMBER_OBJECT_CONVERSION = YES_AGGRESSIVE;
				CLANG_CXX_LANGUAGE_STANDARD = "gnu++20";
				CLANG_ENABLE_MODULES = YES;
				CLANG_ENABLE_OBJC_ARC = YES;
				CLANG_ENABLE_OBJC_WEAK = YES;
				CLANG_WARN_BLOCK_CAPTURE_AUTORELEASING = YES;
				CLANG_WARN_BOOL_CONVERSION = YES;
				CLANG_WARN_COMMA = YES;
				CLANG_WARN_CONSTANT_CONVERSION = YES;
				CLANG_WARN_DEPRECATED_OBJC_IMPLEMENTATIONS = YES;
				CLANG_WARN_DIRECT_OBJC_ISA_USAGE = YES_ERROR;
				CLANG_WARN_DOCUMENTATION_COMMENTS = YES;
				CLANG_WARN_EMPTY_BODY = YES;
				CLANG_WARN_ENUM_CONVERSION = YES;
				CLANG_WARN_INFINITE_RECURSION = YES;
				CLANG_WARN_INT_CONVERSION = YES;
				CLANG_WARN_NON_LITERAL_NULL_CONVERSION = YES;
				CLANG_WARN_OBJC_IMPLICIT_RETAIN_SELF = YES;
				CLANG_WARN_OBJC_LITERAL_CONVERSION = YES;
				CLANG_WARN_OBJC_ROOT_CLASS = YES_ERROR;
				CLANG_WARN_QUOTED_INCLUDE_IN_FRAMEWORK_HEADER = YES;
				CLANG_WARN_RANGE_LOOP_ANALYSIS = YES;
				CLANG_WARN_STRICT_PROTOTYPES = YES;
				CLANG_WARN_SUSPICIOUS_MOVE = YES;
				CLANG_WARN_UNGUARDED_AVAILABILITY = YES_AGGRESSIVE;
				CLANG_WARN_UNREACHABLE_CODE = YES;
				CLANG_WARN__DUPLICATE_METHOD_MATCH = YES;
				COPY_PHASE_STRIP = NO;
				DEBUG_INFORMATION_FORMAT = "dwarf-with-dsym";
				ENABLE_NS_ASSERTIONS = NO;
				ENABLE_STRICT_OBJC_MSGSEND = YES;
				ENABLE_USER_SCRIPT_SANDBOXING = YES;
				GCC_C_LANGUAGE_STANDARD = gnu17;
				GCC_NO_COMMON_BLOCKS = YES;
				GCC_WARN_64_TO_32_BIT_CONVERSION = YES;
				GCC_WARN_ABOUT_RETURN_TYPE = YES_ERROR;
				GCC_WARN_UNDECLARED_SELECTOR = YES;
				GCC_WARN_UNINITIALIZED_AUTOS = YES_AGGRESSIVE;
				GCC_WARN_UNUSED_FUNCTION = YES;
				GCC_WARN_UNUSED_VARIABLE = YES;
				IPHONEOS_DEPLOYMENT_TARGET = 17.0;
				LOCALIZATION_PREFERS_STRING_CATALOGS = YES;
				MTL_ENABLE_DEBUG_INFO = NO;
				MTL_FAST_MATH = YES;
				SDKROOT = iphoneos;
				SWIFT_COMPILATION_MODE = wholemodule;
				VALIDATE_PRODUCT = YES;
			};
			name = Release;
		};
		69D079A52B7487D700DFF3B8 /* Debug */ = {
			isa = XCBuildConfiguration;
			buildSettings = {
				ASSETCATALOG_COMPILER_APPICON_NAME = AppIcon;
				ASSETCATALOG_COMPILER_GLOBAL_ACCENT_COLOR_NAME = AccentColor;
				CODE_SIGN_STYLE = Automatic;
				CURRENT_PROJECT_VERSION = 1;
				DEVELOPMENT_ASSET_PATHS = "\"pizzaAppSwiftUi/Preview Content\"";
				ENABLE_PREVIEWS = YES;
				GENERATE_INFOPLIST_FILE = YES;
				INFOPLIST_KEY_UIApplicationSceneManifest_Generation = YES;
				INFOPLIST_KEY_UIApplicationSupportsIndirectInputEvents = YES;
				INFOPLIST_KEY_UILaunchScreen_Generation = YES;
				INFOPLIST_KEY_UISupportedInterfaceOrientations_iPad = "UIInterfaceOrientationPortrait UIInterfaceOrientationPortraitUpsideDown UIInterfaceOrientationLandscapeLeft UIInterfaceOrientationLandscapeRight";
				INFOPLIST_KEY_UISupportedInterfaceOrientations_iPhone = "UIInterfaceOrientationPortrait UIInterfaceOrientationLandscapeLeft UIInterfaceOrientationLandscapeRight";
				LD_RUNPATH_SEARCH_PATHS = (
					"$(inherited)",
					"@executable_path/Frameworks",
				);
				MARKETING_VERSION = 1.0;
				PRODUCT_BUNDLE_IDENTIFIER = vaibhav.pizzaAppSwiftUi;
				PRODUCT_NAME = "$(TARGET_NAME)";
				SWIFT_EMIT_LOC_STRINGS = YES;
				SWIFT_VERSION = 5.0;
				TARGETED_DEVICE_FAMILY = "1,2";
			};
			name = Debug;
		};
		69D079A62B7487D700DFF3B8 /* Release */ = {
			isa = XCBuildConfiguration;
			buildSettings = {
				ASSETCATALOG_COMPILER_APPICON_NAME = AppIcon;
				ASSETCATALOG_COMPILER_GLOBAL_ACCENT_COLOR_NAME = AccentColor;
				CODE_SIGN_STYLE = Automatic;
				CURRENT_PROJECT_VERSION = 1;
				DEVELOPMENT_ASSET_PATHS = "\"pizzaAppSwiftUi/Preview Content\"";
				ENABLE_PREVIEWS = YES;
				GENERATE_INFOPLIST_FILE = YES;
				INFOPLIST_KEY_UIApplicationSceneManifest_Generation = YES;
				INFOPLIST_KEY_UIApplicationSupportsIndirectInputEvents = YES;
				INFOPLIST_KEY_UILaunchScreen_Generation = YES;
				INFOPLIST_KEY_UISupportedInterfaceOrientations_iPad = "UIInterfaceOrientationPortrait UIInterfaceOrientationPortraitUpsideDown UIInterfaceOrientationLandscapeLeft UIInterfaceOrientationLandscapeRight";
				INFOPLIST_KEY_UISupportedInterfaceOrientations_iPhone = "UIInterfaceOrientationPortrait UIInterfaceOrientationLandscapeLeft UIInterfaceOrientationLandscapeRight";
				LD_RUNPATH_SEARCH_PATHS = (
					"$(inherited)",
					"@executable_path/Frameworks",
				);
				MARKETING_VERSION = 1.0;
				PRODUCT_BUNDLE_IDENTIFIER = vaibhav.pizzaAppSwiftUi;
				PRODUCT_NAME = "$(TARGET_NAME)";
				SWIFT_EMIT_LOC_STRINGS = YES;
				SWIFT_VERSION = 5.0;
				TARGETED_DEVICE_FAMILY = "1,2";
			};
			name = Release;
		};
/* End XCBuildConfiguration section */

/* Begin XCConfigurationList section */
		69D079912B7487D400DFF3B8 /* Build configuration list for PBXProject "pizzaAppSwiftUi" */ = {
			isa = XCConfigurationList;
			buildConfigurations = (
				69D079A22B7487D700DFF3B8 /* Debug */,
				69D079A32B7487D700DFF3B8 /* Release */,
			);
			defaultConfigurationIsVisible = 0;
			defaultConfigurationName = Release;
		};
		69D079A42B7487D700DFF3B8 /* Build configuration list for PBXNativeTarget "pizzaAppSwiftUi" */ = {
			isa = XCConfigurationList;
			buildConfigurations = (
				69D079A52B7487D700DFF3B8 /* Debug */,
				69D079A62B7487D700DFF3B8 /* Release */,
			);
			defaultConfigurationIsVisible = 0;
			defaultConfigurationName = Release;
		};
/* End XCConfigurationList section */
	};
	rootObject = 69D0798E2B7487D400DFF3B8 /* Project object */;
}
